// !$*UTF8*$!
{
	archiveVersion = 1;
	classes = {
	};
	objectVersion = 46;
	objects = {

/* Begin PBXBuildFile section */
		2605F4D91E592F0200B6813E /* AppDelegate.swift in Sources */ = {isa = PBXBuildFile; fileRef = 2605F4D81E592F0200B6813E /* AppDelegate.swift */; };
		2605F4DE1E592F0200B6813E /* Main.storyboard in Resources */ = {isa = PBXBuildFile; fileRef = 2605F4DC1E592F0200B6813E /* Main.storyboard */; };
		2605F4E01E592F0200B6813E /* Assets.xcassets in Resources */ = {isa = PBXBuildFile; fileRef = 2605F4DF1E592F0200B6813E /* Assets.xcassets */; };
		2605F4E31E592F0200B6813E /* LaunchScreen.storyboard in Resources */ = {isa = PBXBuildFile; fileRef = 2605F4E11E592F0200B6813E /* LaunchScreen.storyboard */; };
		2605F4EB1E592F5D00B6813E /* QuotesManager.swift in Sources */ = {isa = PBXBuildFile; fileRef = 2605F4EA1E592F5D00B6813E /* QuotesManager.swift */; };
		2605F4ED1E594FF700B6813E /* MQuotesViewController.swift in Sources */ = {isa = PBXBuildFile; fileRef = 2605F4EC1E594FF700B6813E /* MQuotesViewController.swift */; };
/* End PBXBuildFile section */

/* Begin PBXFileReference section */
		2605F4D51E592F0200B6813E /* InspireMe.app */ = {isa = PBXFileReference; explicitFileType = wrapper.application; includeInIndex = 0; path = InspireMe.app; sourceTree = BUILT_PRODUCTS_DIR; };
		2605F4D81E592F0200B6813E /* AppDelegate.swift */ = {isa = PBXFileReference; lastKnownFileType = sourcecode.swift; path = AppDelegate.swift; sourceTree = "<group>"; };
		2605F4DD1E592F0200B6813E /* Base */ = {isa = PBXFileReference; lastKnownFileType = file.storyboard; name = Base; path = Base.lproj/Main.storyboard; sourceTree = "<group>"; };
		2605F4DF1E592F0200B6813E /* Assets.xcassets */ = {isa = PBXFileReference; lastKnownFileType = folder.assetcatalog; path = Assets.xcassets; sourceTree = "<group>"; };
		2605F4E21E592F0200B6813E /* Base */ = {isa = PBXFileReference; lastKnownFileType = file.storyboard; name = Base; path = Base.lproj/LaunchScreen.storyboard; sourceTree = "<group>"; };
		2605F4E41E592F0200B6813E /* Info.plist */ = {isa = PBXFileReference; lastKnownFileType = text.plist.xml; path = Info.plist; sourceTree = "<group>"; };
		2605F4EA1E592F5D00B6813E /* QuotesManager.swift */ = {isa = PBXFileReference; fileEncoding = 4; lastKnownFileType = sourcecode.swift; path = QuotesManager.swift; sourceTree = "<group>"; };
		2605F4EC1E594FF700B6813E /* MQuotesViewController.swift */ = {isa = PBXFileReference; fileEncoding = 4; lastKnownFileType = sourcecode.swift; path = MQuotesViewController.swift; sourceTree = "<group>"; };
/* End PBXFileReference section */

/* Begin PBXFrameworksBuildPhase section */
		2605F4D21E592F0200B6813E /* Frameworks */ = {
			isa = PBXFrameworksBuildPhase;
			buildActionMask = 2147483647;
			files = (
			);
			runOnlyForDeploymentPostprocessing = 0;
		};
/* End PBXFrameworksBuildPhase section */

/* Begin PBXGroup section */
		2605F4CC1E592F0200B6813E = {
			isa = PBXGroup;
			children = (
				2605F4D71E592F0200B6813E /* InspireMe */,
				2605F4D61E592F0200B6813E /* Products */,
			);
			sourceTree = "<group>";
		};
		2605F4D61E592F0200B6813E /* Products */ = {
			isa = PBXGroup;
			children = (
				2605F4D51E592F0200B6813E /* InspireMe.app */,
			);
			name = Products;
			sourceTree = "<group>";
		};
		2605F4D71E592F0200B6813E /* InspireMe */ = {
			isa = PBXGroup;
			children = (
				263917E61E5A9FC900827484 /* Controller */,
				263917E71E5A9FD600827484 /* View */,
				263917E51E5A9FBB00827484 /* Model */,
				263917E81E5A9FE000827484 /* Supporting Files */,
			);
			path = InspireMe;
			sourceTree = "<group>";
		};
		263917E51E5A9FBB00827484 /* Model */ = {
			isa = PBXGroup;
			children = (
				2605F4EA1E592F5D00B6813E /* QuotesManager.swift */,
			);
			name = Model;
			sourceTree = "<group>";
		};
		263917E61E5A9FC900827484 /* Controller */ = {
			isa = PBXGroup;
			children = (
				2605F4EC1E594FF700B6813E /* MQuotesViewController.swift */,
			);
			name = Controller;
			sourceTree = "<group>";
		};
		263917E71E5A9FD600827484 /* View */ = {
			isa = PBXGroup;
			children = (
				2605F4DC1E592F0200B6813E /* Main.storyboard */,
			);
			name = View;
			sourceTree = "<group>";
		};
		263917E81E5A9FE000827484 /* Supporting Files */ = {
			isa = PBXGroup;
			children = (
				2605F4D81E592F0200B6813E /* AppDelegate.swift */,
				2605F4DF1E592F0200B6813E /* Assets.xcassets */,
				2605F4E11E592F0200B6813E /* LaunchScreen.storyboard */,
				2605F4E41E592F0200B6813E /* Info.plist */,
			);
			name = "Supporting Files";
			sourceTree = "<group>";
		};
/* End PBXGroup section */

/* Begin PBXNativeTarget section */
		2605F4D41E592F0200B6813E /* InspireMe */ = {
			isa = PBXNativeTarget;
			buildConfigurationList = 2605F4E71E592F0200B6813E /* Build configuration list for PBXNativeTarget "InspireMe" */;
			buildPhases = (
				2605F4D11E592F0200B6813E /* Sources */,
				2605F4D21E592F0200B6813E /* Frameworks */,
				2605F4D31E592F0200B6813E /* Resources */,
			);
			buildRules = (
			);
			dependencies = (
			);
			name = InspireMe;
			productName = InspireMe;
			productReference = 2605F4D51E592F0200B6813E /* InspireMe.app */;
			productType = "com.apple.product-type.application";
		};
/* End PBXNativeTarget section */

/* Begin PBXProject section */
		2605F4CD1E592F0200B6813E /* Project object */ = {
			isa = PBXProject;
			attributes = {
				LastSwiftUpdateCheck = 0820;
				LastUpgradeCheck = 0820;
				ORGANIZATIONNAME = "Sandeep Kumar";
				TargetAttributes = {
					2605F4D41E592F0200B6813E = {
						CreatedOnToolsVersion = 8.2.1;
						DevelopmentTeam = X9RBKU7T35;
						ProvisioningStyle = Automatic;
					};
				};
			};
			buildConfigurationList = 2605F4D01E592F0200B6813E /* Build configuration list for PBXProject "InspireMe" */;
			compatibilityVersion = "Xcode 3.2";
			developmentRegion = English;
			hasScannedForEncodings = 0;
			knownRegions = (
				en,
				Base,
			);
			mainGroup = 2605F4CC1E592F0200B6813E;
			productRefGroup = 2605F4D61E592F0200B6813E /* Products */;
			projectDirPath = "";
			projectRoot = "";
			targets = (
				2605F4D41E592F0200B6813E /* InspireMe */,
			);
		};
/* End PBXProject section */

/* Begin PBXResourcesBuildPhase section */
		2605F4D31E592F0200B6813E /* Resources */ = {
			isa = PBXResourcesBuildPhase;
			buildActionMask = 2147483647;
			files = (
				2605F4E31E592F0200B6813E /* LaunchScreen.storyboard in Resources */,
				2605F4E01E592F0200B6813E /* Assets.xcassets in Resources */,
				2605F4DE1E592F0200B6813E /* Main.storyboard in Resources */,
			);
			runOnlyForDeploymentPostprocessing = 0;
		};
/* End PBXResourcesBuildPhase section */

/* Begin PBXSourcesBuildPhase section */
		2605F4D11E592F0200B6813E /* Sources */ = {
			isa = PBXSourcesBuildPhase;
			buildActionMask = 2147483647;
			files = (
				2605F4EB1E592F5D00B6813E /* QuotesManager.swift in Sources */,
				2605F4D91E592F0200B6813E /* AppDelegate.swift in Sources */,
				2605F4ED1E594FF700B6813E /* MQuotesViewController.swift in Sources */,
			);
			runOnlyForDeploymentPostprocessing = 0;
		};
/* End PBXSourcesBuildPhase section */

/* Begin PBXVariantGroup section */
		2605F4DC1E592F0200B6813E /* Main.storyboard */ = {
			isa = PBXVariantGroup;
			children = (
				2605F4DD1E592F0200B6813E /* Base */,
			);
			name = Main.storyboard;
			sourceTree = "<group>";
		};
		2605F4E11E592F0200B6813E /* LaunchScreen.storyboard */ = {
			isa = PBXVariantGroup;
			children = (
				2605F4E21E592F0200B6813E /* Base */,
			);
			name = LaunchScreen.storyboard;
			sourceTree = "<group>";
		};
/* End PBXVariantGroup section */

/* Begin XCBuildConfiguration section */
		2605F4E51E592F0200B6813E /* Debug */ = {
			isa = XCBuildConfiguration;
			buildSettings = {
				ALWAYS_SEARCH_USER_PATHS = NO;
				CLANG_ANALYZER_NONNULL = YES;
				CLANG_CXX_LANGUAGE_STANDARD = "gnu++0x";
				CLANG_CXX_LIBRARY = "libc++";
				CLANG_ENABLE_MODULES = YES;
				CLANG_ENABLE_OBJC_ARC = YES;
				CLANG_WARN_BOOL_CONVERSION = YES;
				CLANG_WARN_CONSTANT_CONVERSION = YES;
				CLANG_WARN_DIRECT_OBJC_ISA_USAGE = YES_ERROR;
				CLANG_WARN_DOCUMENTATION_COMMENTS = YES;
				CLANG_WARN_EMPTY_BODY = YES;
				CLANG_WARN_ENUM_CONVERSION = YES;
				CLANG_WARN_INFINITE_RECURSION = YES;
				CLANG_WARN_INT_CONVERSION = YES;
				CLANG_WARN_OBJC_ROOT_CLASS = YES_ERROR;
				CLANG_WARN_SUSPICIOUS_MOVE = YES;
				CLANG_WARN_UNREACHABLE_CODE = YES;
				CLANG_WARN__DUPLICATE_METHOD_MATCH = YES;
				"CODE_SIGN_IDENTITY[sdk=iphoneos*]" = "iPhone Developer";
				COPY_PHASE_STRIP = NO;
				DEBUG_INFORMATION_FORMAT = dwarf;
				ENABLE_STRICT_OBJC_MSGSEND = YES;
				ENABLE_TESTABILITY = YES;
				GCC_C_LANGUAGE_STANDARD = gnu99;
				GCC_DYNAMIC_NO_PIC = NO;
				GCC_NO_COMMON_BLOCKS = YES;
				GCC_OPTIMIZATION_LEVEL = 0;
				GCC_PREPROCESSOR_DEFINITIONS = (
					"DEBUG=1",
					"$(inherited)",
				);
				GCC_WARN_64_TO_32_BIT_CONVERSION = YES;
				GCC_WARN_ABOUT_RETURN_TYPE = YES_ERROR;
				GCC_WARN_UNDECLARED_SELECTOR = YES;
				GCC_WARN_UNINITIALIZED_AUTOS = YES_AGGRESSIVE;
				GCC_WARN_UNUSED_FUNCTION = YES;
				GCC_WARN_UNUSED_VARIABLE = YES;
				IPHONEOS_DEPLOYMENT_TARGET = 10.2;
				MTL_ENABLE_DEBUG_INFO = YES;
				ONLY_ACTIVE_ARCH = YES;
				SDKROOT = iphoneos;
				SWIFT_ACTIVE_COMPILATION_CONDITIONS = DEBUG;
				SWIFT_OPTIMIZATION_LEVEL = "-Onone";
				TARGETED_DEVICE_FAMILY = "1,2";
			};
			name = Debug;
		};
		2605F4E61E592F0200B6813E /* Release */ = {
			isa = XCBuildConfiguration;
			buildSettings = {
				ALWAYS_SEARCH_USER_PATHS = NO;
				CLANG_ANALYZER_NONNULL = YES;
				CLANG_CXX_LANGUAGE_STANDARD = "gnu++0x";
				CLANG_CXX_LIBRARY = "libc++";
				CLANG_ENABLE_MODULES = YES;
				CLANG_ENABLE_OBJC_ARC = YES;
				CLANG_WARN_BOOL_CONVERSION = YES;
				CLANG_WARN_CONSTANT_CONVERSION = YES;
				CLANG_WARN_DIRECT_OBJC_ISA_USAGE = YES_ERROR;
				CLANG_WARN_DOCUMENTATION_COMMENTS = YES;
				CLANG_WARN_EMPTY_BODY = YES;
				CLANG_WARN_ENUM_CONVERSION = YES;
				CLANG_WARN_INFINITE_RECURSION = YES;
				CLANG_WARN_INT_CONVERSION = YES;
				CLANG_WARN_OBJC_ROOT_CLASS = YES_ERROR;
				CLANG_WARN_SUSPICIOUS_MOVE = YES;
				CLANG_WARN_UNREACHABLE_CODE = YES;
				CLANG_WARN__DUPLICATE_METHOD_MATCH = YES;
				"CODE_SIGN_IDENTITY[sdk=iphoneos*]" = "iPhone Developer";
				COPY_PHASE_STRIP = NO;
				DEBUG_INFORMATION_FORMAT = "dwarf-with-dsym";
				ENABLE_NS_ASSERTIONS = NO;
				ENABLE_STRICT_OBJC_MSGSEND = YES;
				GCC_C_LANGUAGE_STANDARD = gnu99;
				GCC_NO_COMMON_BLOCKS = YES;
				GCC_WARN_64_TO_32_BIT_CONVERSION = YES;
				GCC_WARN_ABOUT_RETURN_TYPE = YES_ERROR;
				GCC_WARN_UNDECLARED_SELECTOR = YES;
				GCC_WARN_UNINITIALIZED_AUTOS = YES_AGGRESSIVE;
				GCC_WARN_UNUSED_FUNCTION = YES;
				GCC_WARN_UNUSED_VARIABLE = YES;
				IPHONEOS_DEPLOYMENT_TARGET = 10.2;
				MTL_ENABLE_DEBUG_INFO = NO;
				SDKROOT = iphoneos;
				SWIFT_OPTIMIZATION_LEVEL = "-Owholemodule";
				TARGETED_DEVICE_FAMILY = "1,2";
				VALIDATE_PRODUCT = YES;
			};
			name = Release;
		};
		2605F4E81E592F0200B6813E /* Debug */ = {
			isa = XCBuildConfiguration;
			buildSettings = {
				ASSETCATALOG_COMPILER_APPICON_NAME = AppIcon;
				DEVELOPMENT_TEAM = X9RBKU7T35;
				INFOPLIST_FILE = InspireMe/Info.plist;
				LD_RUNPATH_SEARCH_PATHS = "$(inherited) @executable_path/Frameworks";
				PRODUCT_BUNDLE_IDENTIFIER = com.ksandy003.InspireMe;
				PRODUCT_NAME = "$(TARGET_NAME)";
				SWIFT_VERSION = 3.0;
			};
			name = Debug;
		};
		2605F4E91E592F0200B6813E /* Release */ = {
			isa = XCBuildConfiguration;
			buildSettings = {
				ASSETCATALOG_COMPILER_APPICON_NAME = AppIcon;
				DEVELOPMENT_TEAM = X9RBKU7T35;
				INFOPLIST_FILE = InspireMe/Info.plist;
				LD_RUNPATH_SEARCH_PATHS = "$(inherited) @executable_path/Frameworks";
				PRODUCT_BUNDLE_IDENTIFIER = com.ksandy003.InspireMe;
				PRODUCT_NAME = "$(TARGET_NAME)";
				SWIFT_VERSION = 3.0;
			};
			name = Release;
		};
/* End XCBuildConfiguration section */

/* Begin XCConfigurationList section */
		2605F4D01E592F0200B6813E /* Build configuration list for PBXProject "InspireMe" */ = {
			isa = XCConfigurationList;
			buildConfigurations = (
				2605F4E51E592F0200B6813E /* Debug */,
				2605F4E61E592F0200B6813E /* Release */,
			);
			defaultConfigurationIsVisible = 0;
			defaultConfigurationName = Release;
		};
		2605F4E71E592F0200B6813E /* Build configuration list for PBXNativeTarget "InspireMe" */ = {
			isa = XCConfigurationList;
			buildConfigurations = (
				2605F4E81E592F0200B6813E /* Debug */,
				2605F4E91E592F0200B6813E /* Release */,
			);
			defaultConfigurationIsVisible = 0;
			defaultConfigurationName = Release;
		};
/* End XCConfigurationList section */
	};
	rootObject = 2605F4CD1E592F0200B6813E /* Project object */;
}
